// !$*UTF8*$!
{
	archiveVersion = 1;
	classes = {
	};
	objectVersion = 50;
	objects = {

/* Begin PBXBuildFile section */
		660BC60625418CF000A08CD5 /* PercentChartCollectionViewCell.swift in Sources */ = {isa = PBXBuildFile; fileRef = 660BC60525418CF000A08CD5 /* PercentChartCollectionViewCell.swift */; };
		660BC60A254191D200A08CD5 /* PercentCollectionViewCell.swift in Sources */ = {isa = PBXBuildFile; fileRef = 660BC609254191D200A08CD5 /* PercentCollectionViewCell.swift */; };
		6653D9CF24F45A9800EA0F48 /* InfoViewController.swift in Sources */ = {isa = PBXBuildFile; fileRef = 6653D9CE24F45A9800EA0F48 /* InfoViewController.swift */; };
		6653D9D124F4D88F00EA0F48 /* StoricoProvinceViewController.swift in Sources */ = {isa = PBXBuildFile; fileRef = 6653D9D024F4D88F00EA0F48 /* StoricoProvinceViewController.swift */; };
		6653D9D324F4DEBA00EA0F48 /* ProvinciaCollectionViewCell.swift in Sources */ = {isa = PBXBuildFile; fileRef = 6653D9D224F4DEBA00EA0F48 /* ProvinciaCollectionViewCell.swift */; };
		6653D9D524F511DD00EA0F48 /* ActivityView.swift in Sources */ = {isa = PBXBuildFile; fileRef = 6653D9D424F511DD00EA0F48 /* ActivityView.swift */; };
		66661FC624F23030008ED9EC /* AppDelegate.swift in Sources */ = {isa = PBXBuildFile; fileRef = 66661FC524F23030008ED9EC /* AppDelegate.swift */; };
		66661FC824F23030008ED9EC /* SceneDelegate.swift in Sources */ = {isa = PBXBuildFile; fileRef = 66661FC724F23030008ED9EC /* SceneDelegate.swift */; };
		66661FCA24F23030008ED9EC /* ItaliaViewController.swift in Sources */ = {isa = PBXBuildFile; fileRef = 66661FC924F23030008ED9EC /* ItaliaViewController.swift */; };
		66661FCF24F23038008ED9EC /* Assets.xcassets in Resources */ = {isa = PBXBuildFile; fileRef = 66661FCE24F23038008ED9EC /* Assets.xcassets */; };
		66661FD224F23038008ED9EC /* LaunchScreen.storyboard in Resources */ = {isa = PBXBuildFile; fileRef = 66661FD024F23038008ED9EC /* LaunchScreen.storyboard */; };
		66661FDD24F23038008ED9EC /* CovidStatsITAUITests.swift in Sources */ = {isa = PBXBuildFile; fileRef = 66661FDC24F23038008ED9EC /* CovidStatsITAUITests.swift */; };
		66661FE824F23196008ED9EC /* APIUrls.swift in Sources */ = {isa = PBXBuildFile; fileRef = 66661FE724F23196008ED9EC /* APIUrls.swift */; };
		66661FEA24F23427008ED9EC /* RegioniViewController.swift in Sources */ = {isa = PBXBuildFile; fileRef = 66661FE924F23427008ED9EC /* RegioniViewController.swift */; };
		66661FEC24F23433008ED9EC /* ImpostazioniViewController.swift in Sources */ = {isa = PBXBuildFile; fileRef = 66661FEB24F23433008ED9EC /* ImpostazioniViewController.swift */; };
		66661FEE24F23479008ED9EC /* Model.swift in Sources */ = {isa = PBXBuildFile; fileRef = 66661FED24F23479008ED9EC /* Model.swift */; };
		66661FF024F237CC008ED9EC /* MainViewController.swift in Sources */ = {isa = PBXBuildFile; fileRef = 66661FEF24F237CC008ED9EC /* MainViewController.swift */; };
		66661FF224F23FA9008ED9EC /* LoadingViewController.swift in Sources */ = {isa = PBXBuildFile; fileRef = 66661FF124F23FA9008ED9EC /* LoadingViewController.swift */; };
		66661FF524F27186008ED9EC /* DataCollectionViewCell.swift in Sources */ = {isa = PBXBuildFile; fileRef = 66661FF424F27186008ED9EC /* DataCollectionViewCell.swift */; };
		66661FF824F27304008ED9EC /* CovidData.swift in Sources */ = {isa = PBXBuildFile; fileRef = 66661FF724F27304008ED9EC /* CovidData.swift */; };
		66661FFA24F27A56008ED9EC /* AlertCollectionViewCell.swift in Sources */ = {isa = PBXBuildFile; fileRef = 66661FF924F27A56008ED9EC /* AlertCollectionViewCell.swift */; };
		66661FFD24F27DF5008ED9EC /* CollectionViewReusableView.swift in Sources */ = {isa = PBXBuildFile; fileRef = 66661FFC24F27DF5008ED9EC /* CollectionViewReusableView.swift */; };
		66661FFF24F2A6A4008ED9EC /* PulsanteCollectionViewCell.swift in Sources */ = {isa = PBXBuildFile; fileRef = 66661FFE24F2A6A4008ED9EC /* PulsanteCollectionViewCell.swift */; };
		6666200124F2A6BC008ED9EC /* ChartCollectionViewCell.swift in Sources */ = {isa = PBXBuildFile; fileRef = 6666200024F2A6BC008ED9EC /* ChartCollectionViewCell.swift */; };
		6666200324F2ABC2008ED9EC /* PositiviCollectionViewCell.swift in Sources */ = {isa = PBXBuildFile; fileRef = 6666200224F2ABC2008ED9EC /* PositiviCollectionViewCell.swift */; };
		6666200524F2AD30008ED9EC /* DataDownloader.swift in Sources */ = {isa = PBXBuildFile; fileRef = 6666200424F2AD30008ED9EC /* DataDownloader.swift */; };
		6666200824F2BDFB008ED9EC /* LineChart.swift in Sources */ = {isa = PBXBuildFile; fileRef = 6666200724F2BDFB008ED9EC /* LineChart.swift */; };
		6666200A24F2C16D008ED9EC /* CollectionViewFooterReusableView.swift in Sources */ = {isa = PBXBuildFile; fileRef = 6666200924F2C16D008ED9EC /* CollectionViewFooterReusableView.swift */; };
		6666200C24F2D21F008ED9EC /* NoteCollectionViewCell.swift in Sources */ = {isa = PBXBuildFile; fileRef = 6666200B24F2D21F008ED9EC /* NoteCollectionViewCell.swift */; };
		6666200E24F2D811008ED9EC /* IconAlerController.swift in Sources */ = {isa = PBXBuildFile; fileRef = 6666200D24F2D811008ED9EC /* IconAlerController.swift */; };
		6666201124F2D836008ED9EC /* UIColorExtension.swift in Sources */ = {isa = PBXBuildFile; fileRef = 6666201024F2D836008ED9EC /* UIColorExtension.swift */; };
		6666201324F2DEC2008ED9EC /* Regioni.swift in Sources */ = {isa = PBXBuildFile; fileRef = 6666201224F2DEC2008ED9EC /* Regioni.swift */; };
		6666201524F2E380008ED9EC /* Provincia.swift in Sources */ = {isa = PBXBuildFile; fileRef = 6666201424F2E380008ED9EC /* Provincia.swift */; };
		6666201724F2FE65008ED9EC /* CovidProvinciaData.swift in Sources */ = {isa = PBXBuildFile; fileRef = 6666201624F2FE65008ED9EC /* CovidProvinciaData.swift */; };
		6666201924F387D0008ED9EC /* RegioneCollectionViewCell.swift in Sources */ = {isa = PBXBuildFile; fileRef = 6666201824F387D0008ED9EC /* RegioneCollectionViewCell.swift */; };
		6666201B24F3CB3B008ED9EC /* CollectionViewInfoReusableView.swift in Sources */ = {isa = PBXBuildFile; fileRef = 6666201A24F3CB3B008ED9EC /* CollectionViewInfoReusableView.swift */; };
		6666201F24F3CD80008ED9EC /* StoricoRegioneViewController.swift in Sources */ = {isa = PBXBuildFile; fileRef = 6666201E24F3CD80008ED9EC /* StoricoRegioneViewController.swift */; };
		6666202124F3CD90008ED9EC /* StoricoItaliaViewController.swift in Sources */ = {isa = PBXBuildFile; fileRef = 6666202024F3CD90008ED9EC /* StoricoItaliaViewController.swift */; };
		6666202324F3CE01008ED9EC /* DateSelectorController.swift in Sources */ = {isa = PBXBuildFile; fileRef = 6666202224F3CE01008ED9EC /* DateSelectorController.swift */; };
		6666202624F41F16008ED9EC /* DateExtension.swift in Sources */ = {isa = PBXBuildFile; fileRef = 6666202524F41F16008ED9EC /* DateExtension.swift */; };
		6666202A24F43301008ED9EC /* SettingsTableViewHeader.swift in Sources */ = {isa = PBXBuildFile; fileRef = 6666202924F43301008ED9EC /* SettingsTableViewHeader.swift */; };
		6666202C24F44BD1008ED9EC /* SwitchTableViewCell.swift in Sources */ = {isa = PBXBuildFile; fileRef = 6666202B24F44BD1008ED9EC /* SwitchTableViewCell.swift */; };
		6666202E24F44F68008ED9EC /* LabelTableViewCell.swift in Sources */ = {isa = PBXBuildFile; fileRef = 6666202D24F44F68008ED9EC /* LabelTableViewCell.swift */; };
		6666203024F45343008ED9EC /* StatusAlertController.swift in Sources */ = {isa = PBXBuildFile; fileRef = 6666202F24F45343008ED9EC /* StatusAlertController.swift */; };
/* End PBXBuildFile section */

/* Begin PBXContainerItemProxy section */
		66661FD924F23038008ED9EC /* PBXContainerItemProxy */ = {
			isa = PBXContainerItemProxy;
			containerPortal = 66661FBA24F23030008ED9EC /* Project object */;
			proxyType = 1;
			remoteGlobalIDString = 66661FC124F23030008ED9EC;
			remoteInfo = CovidStatsITA;
		};
/* End PBXContainerItemProxy section */

/* Begin PBXFileReference section */
		660BC60525418CF000A08CD5 /* PercentChartCollectionViewCell.swift */ = {isa = PBXFileReference; lastKnownFileType = sourcecode.swift; path = PercentChartCollectionViewCell.swift; sourceTree = "<group>"; };
		660BC609254191D200A08CD5 /* PercentCollectionViewCell.swift */ = {isa = PBXFileReference; lastKnownFileType = sourcecode.swift; path = PercentCollectionViewCell.swift; sourceTree = "<group>"; };
		6653D9CE24F45A9800EA0F48 /* InfoViewController.swift */ = {isa = PBXFileReference; lastKnownFileType = sourcecode.swift; path = InfoViewController.swift; sourceTree = "<group>"; };
		6653D9D024F4D88F00EA0F48 /* StoricoProvinceViewController.swift */ = {isa = PBXFileReference; lastKnownFileType = sourcecode.swift; path = StoricoProvinceViewController.swift; sourceTree = "<group>"; };
		6653D9D224F4DEBA00EA0F48 /* ProvinciaCollectionViewCell.swift */ = {isa = PBXFileReference; lastKnownFileType = sourcecode.swift; path = ProvinciaCollectionViewCell.swift; sourceTree = "<group>"; };
		6653D9D424F511DD00EA0F48 /* ActivityView.swift */ = {isa = PBXFileReference; lastKnownFileType = sourcecode.swift; path = ActivityView.swift; sourceTree = "<group>"; };
		66661FC224F23030008ED9EC /* CovidStatsITA.app */ = {isa = PBXFileReference; explicitFileType = wrapper.application; includeInIndex = 0; path = CovidStatsITA.app; sourceTree = BUILT_PRODUCTS_DIR; };
		66661FC524F23030008ED9EC /* AppDelegate.swift */ = {isa = PBXFileReference; lastKnownFileType = sourcecode.swift; path = AppDelegate.swift; sourceTree = "<group>"; };
		66661FC724F23030008ED9EC /* SceneDelegate.swift */ = {isa = PBXFileReference; lastKnownFileType = sourcecode.swift; path = SceneDelegate.swift; sourceTree = "<group>"; };
		66661FC924F23030008ED9EC /* ItaliaViewController.swift */ = {isa = PBXFileReference; lastKnownFileType = sourcecode.swift; path = ItaliaViewController.swift; sourceTree = "<group>"; };
		66661FCE24F23038008ED9EC /* Assets.xcassets */ = {isa = PBXFileReference; lastKnownFileType = folder.assetcatalog; path = Assets.xcassets; sourceTree = "<group>"; };
		66661FD124F23038008ED9EC /* Base */ = {isa = PBXFileReference; lastKnownFileType = file.storyboard; name = Base; path = Base.lproj/LaunchScreen.storyboard; sourceTree = "<group>"; };
		66661FD324F23038008ED9EC /* Info.plist */ = {isa = PBXFileReference; lastKnownFileType = text.plist.xml; path = Info.plist; sourceTree = "<group>"; };
		66661FD824F23038008ED9EC /* CovidStatsITAUITests.xctest */ = {isa = PBXFileReference; explicitFileType = wrapper.cfbundle; includeInIndex = 0; path = CovidStatsITAUITests.xctest; sourceTree = BUILT_PRODUCTS_DIR; };
		66661FDC24F23038008ED9EC /* CovidStatsITAUITests.swift */ = {isa = PBXFileReference; lastKnownFileType = sourcecode.swift; path = CovidStatsITAUITests.swift; sourceTree = "<group>"; };
		66661FDE24F23038008ED9EC /* Info.plist */ = {isa = PBXFileReference; lastKnownFileType = text.plist.xml; path = Info.plist; sourceTree = "<group>"; };
		66661FE724F23196008ED9EC /* APIUrls.swift */ = {isa = PBXFileReference; lastKnownFileType = sourcecode.swift; path = APIUrls.swift; sourceTree = "<group>"; };
		66661FE924F23427008ED9EC /* RegioniViewController.swift */ = {isa = PBXFileReference; lastKnownFileType = sourcecode.swift; path = RegioniViewController.swift; sourceTree = "<group>"; };
		66661FEB24F23433008ED9EC /* ImpostazioniViewController.swift */ = {isa = PBXFileReference; lastKnownFileType = sourcecode.swift; path = ImpostazioniViewController.swift; sourceTree = "<group>"; };
		66661FED24F23479008ED9EC /* Model.swift */ = {isa = PBXFileReference; lastKnownFileType = sourcecode.swift; path = Model.swift; sourceTree = "<group>"; };
		66661FEF24F237CC008ED9EC /* MainViewController.swift */ = {isa = PBXFileReference; lastKnownFileType = sourcecode.swift; path = MainViewController.swift; sourceTree = "<group>"; };
		66661FF124F23FA9008ED9EC /* LoadingViewController.swift */ = {isa = PBXFileReference; lastKnownFileType = sourcecode.swift; path = LoadingViewController.swift; sourceTree = "<group>"; };
		66661FF424F27186008ED9EC /* DataCollectionViewCell.swift */ = {isa = PBXFileReference; lastKnownFileType = sourcecode.swift; path = DataCollectionViewCell.swift; sourceTree = "<group>"; };
		66661FF724F27304008ED9EC /* CovidData.swift */ = {isa = PBXFileReference; lastKnownFileType = sourcecode.swift; path = CovidData.swift; sourceTree = "<group>"; };
		66661FF924F27A56008ED9EC /* AlertCollectionViewCell.swift */ = {isa = PBXFileReference; lastKnownFileType = sourcecode.swift; path = AlertCollectionViewCell.swift; sourceTree = "<group>"; };
		66661FFC24F27DF5008ED9EC /* CollectionViewReusableView.swift */ = {isa = PBXFileReference; lastKnownFileType = sourcecode.swift; path = CollectionViewReusableView.swift; sourceTree = "<group>"; };
		66661FFE24F2A6A4008ED9EC /* PulsanteCollectionViewCell.swift */ = {isa = PBXFileReference; lastKnownFileType = sourcecode.swift; path = PulsanteCollectionViewCell.swift; sourceTree = "<group>"; };
		6666200024F2A6BC008ED9EC /* ChartCollectionViewCell.swift */ = {isa = PBXFileReference; lastKnownFileType = sourcecode.swift; path = ChartCollectionViewCell.swift; sourceTree = "<group>"; };
		6666200224F2ABC2008ED9EC /* PositiviCollectionViewCell.swift */ = {isa = PBXFileReference; lastKnownFileType = sourcecode.swift; path = PositiviCollectionViewCell.swift; sourceTree = "<group>"; };
		6666200424F2AD30008ED9EC /* DataDownloader.swift */ = {isa = PBXFileReference; lastKnownFileType = sourcecode.swift; path = DataDownloader.swift; sourceTree = "<group>"; };
		6666200724F2BDFB008ED9EC /* LineChart.swift */ = {isa = PBXFileReference; lastKnownFileType = sourcecode.swift; path = LineChart.swift; sourceTree = "<group>"; };
		6666200924F2C16D008ED9EC /* CollectionViewFooterReusableView.swift */ = {isa = PBXFileReference; lastKnownFileType = sourcecode.swift; path = CollectionViewFooterReusableView.swift; sourceTree = "<group>"; };
		6666200B24F2D21F008ED9EC /* NoteCollectionViewCell.swift */ = {isa = PBXFileReference; lastKnownFileType = sourcecode.swift; path = NoteCollectionViewCell.swift; sourceTree = "<group>"; };
		6666200D24F2D811008ED9EC /* IconAlerController.swift */ = {isa = PBXFileReference; lastKnownFileType = sourcecode.swift; path = IconAlerController.swift; sourceTree = "<group>"; };
		6666201024F2D836008ED9EC /* UIColorExtension.swift */ = {isa = PBXFileReference; lastKnownFileType = sourcecode.swift; path = UIColorExtension.swift; sourceTree = "<group>"; };
		6666201224F2DEC2008ED9EC /* Regioni.swift */ = {isa = PBXFileReference; lastKnownFileType = sourcecode.swift; path = Regioni.swift; sourceTree = "<group>"; };
		6666201424F2E380008ED9EC /* Provincia.swift */ = {isa = PBXFileReference; lastKnownFileType = sourcecode.swift; path = Provincia.swift; sourceTree = "<group>"; };
		6666201624F2FE65008ED9EC /* CovidProvinciaData.swift */ = {isa = PBXFileReference; lastKnownFileType = sourcecode.swift; path = CovidProvinciaData.swift; sourceTree = "<group>"; };
		6666201824F387D0008ED9EC /* RegioneCollectionViewCell.swift */ = {isa = PBXFileReference; lastKnownFileType = sourcecode.swift; path = RegioneCollectionViewCell.swift; sourceTree = "<group>"; };
		6666201A24F3CB3B008ED9EC /* CollectionViewInfoReusableView.swift */ = {isa = PBXFileReference; lastKnownFileType = sourcecode.swift; path = CollectionViewInfoReusableView.swift; sourceTree = "<group>"; };
		6666201E24F3CD80008ED9EC /* StoricoRegioneViewController.swift */ = {isa = PBXFileReference; lastKnownFileType = sourcecode.swift; path = StoricoRegioneViewController.swift; sourceTree = "<group>"; };
		6666202024F3CD90008ED9EC /* StoricoItaliaViewController.swift */ = {isa = PBXFileReference; lastKnownFileType = sourcecode.swift; path = StoricoItaliaViewController.swift; sourceTree = "<group>"; };
		6666202224F3CE01008ED9EC /* DateSelectorController.swift */ = {isa = PBXFileReference; lastKnownFileType = sourcecode.swift; path = DateSelectorController.swift; sourceTree = "<group>"; };
		6666202424F4147F008ED9EC /* it */ = {isa = PBXFileReference; lastKnownFileType = text.plist.strings; name = it; path = it.lproj/LaunchScreen.strings; sourceTree = "<group>"; };
		6666202524F41F16008ED9EC /* DateExtension.swift */ = {isa = PBXFileReference; lastKnownFileType = sourcecode.swift; path = DateExtension.swift; sourceTree = "<group>"; };
		6666202924F43301008ED9EC /* SettingsTableViewHeader.swift */ = {isa = PBXFileReference; lastKnownFileType = sourcecode.swift; path = SettingsTableViewHeader.swift; sourceTree = "<group>"; };
		6666202B24F44BD1008ED9EC /* SwitchTableViewCell.swift */ = {isa = PBXFileReference; lastKnownFileType = sourcecode.swift; path = SwitchTableViewCell.swift; sourceTree = "<group>"; };
		6666202D24F44F68008ED9EC /* LabelTableViewCell.swift */ = {isa = PBXFileReference; lastKnownFileType = sourcecode.swift; path = LabelTableViewCell.swift; sourceTree = "<group>"; };
		6666202F24F45343008ED9EC /* StatusAlertController.swift */ = {isa = PBXFileReference; lastKnownFileType = sourcecode.swift; path = StatusAlertController.swift; sourceTree = "<group>"; };
/* End PBXFileReference section */

/* Begin PBXFrameworksBuildPhase section */
		66661FBF24F23030008ED9EC /* Frameworks */ = {
			isa = PBXFrameworksBuildPhase;
			buildActionMask = 2147483647;
			files = (
			);
			runOnlyForDeploymentPostprocessing = 0;
		};
		66661FD524F23038008ED9EC /* Frameworks */ = {
			isa = PBXFrameworksBuildPhase;
			buildActionMask = 2147483647;
			files = (
			);
			runOnlyForDeploymentPostprocessing = 0;
		};
/* End PBXFrameworksBuildPhase section */

/* Begin PBXGroup section */
		66661FB924F23030008ED9EC = {
			isa = PBXGroup;
			children = (
				66661FC424F23030008ED9EC /* CovidStatsITA */,
				66661FDB24F23038008ED9EC /* CovidStatsITAUITests */,
				66661FC324F23030008ED9EC /* Products */,
			);
			sourceTree = "<group>";
		};
		66661FC324F23030008ED9EC /* Products */ = {
			isa = PBXGroup;
			children = (
				66661FC224F23030008ED9EC /* CovidStatsITA.app */,
				66661FD824F23038008ED9EC /* CovidStatsITAUITests.xctest */,
			);
			name = Products;
			sourceTree = "<group>";
		};
		66661FC424F23030008ED9EC /* CovidStatsITA */ = {
			isa = PBXGroup;
			children = (
				6666202824F432D9008ED9EC /* TableViewCells */,
				6666202724F432CC008ED9EC /* TableViewReusableView */,
				6666201D24F3CD3F008ED9EC /* Utility */,
				6666201C24F3CD27008ED9EC /* Network */,
				6666200F24F2D827008ED9EC /* Extension */,
				6666200624F2BA26008ED9EC /* Alerts */,
				66661FFB24F27DDE008ED9EC /* CollectionViewHeader */,
				66661FF624F272F1008ED9EC /* Data */,
				66661FF324F27169008ED9EC /* CollectionViewCells */,
				66661FC524F23030008ED9EC /* AppDelegate.swift */,
				66661FC724F23030008ED9EC /* SceneDelegate.swift */,
				66661FF124F23FA9008ED9EC /* LoadingViewController.swift */,
				66661FEF24F237CC008ED9EC /* MainViewController.swift */,
				66661FC924F23030008ED9EC /* ItaliaViewController.swift */,
				66661FE924F23427008ED9EC /* RegioniViewController.swift */,
				66661FEB24F23433008ED9EC /* ImpostazioniViewController.swift */,
				6666202024F3CD90008ED9EC /* StoricoItaliaViewController.swift */,
				6666201E24F3CD80008ED9EC /* StoricoRegioneViewController.swift */,
				6653D9D024F4D88F00EA0F48 /* StoricoProvinceViewController.swift */,
				6653D9CE24F45A9800EA0F48 /* InfoViewController.swift */,
				66661FCE24F23038008ED9EC /* Assets.xcassets */,
				66661FD024F23038008ED9EC /* LaunchScreen.storyboard */,
				66661FD324F23038008ED9EC /* Info.plist */,
			);
			path = CovidStatsITA;
			sourceTree = "<group>";
		};
		66661FDB24F23038008ED9EC /* CovidStatsITAUITests */ = {
			isa = PBXGroup;
			children = (
				66661FDC24F23038008ED9EC /* CovidStatsITAUITests.swift */,
				66661FDE24F23038008ED9EC /* Info.plist */,
			);
			path = CovidStatsITAUITests;
			sourceTree = "<group>";
		};
		66661FF324F27169008ED9EC /* CollectionViewCells */ = {
			isa = PBXGroup;
			children = (
				66661FF424F27186008ED9EC /* DataCollectionViewCell.swift */,
				66661FF924F27A56008ED9EC /* AlertCollectionViewCell.swift */,
				66661FFE24F2A6A4008ED9EC /* PulsanteCollectionViewCell.swift */,
				6666200024F2A6BC008ED9EC /* ChartCollectionViewCell.swift */,
				6666200224F2ABC2008ED9EC /* PositiviCollectionViewCell.swift */,
				6666200B24F2D21F008ED9EC /* NoteCollectionViewCell.swift */,
				6666201824F387D0008ED9EC /* RegioneCollectionViewCell.swift */,
				6653D9D224F4DEBA00EA0F48 /* ProvinciaCollectionViewCell.swift */,
				660BC60525418CF000A08CD5 /* PercentChartCollectionViewCell.swift */,
				660BC609254191D200A08CD5 /* PercentCollectionViewCell.swift */,
			);
			path = CollectionViewCells;
			sourceTree = "<group>";
		};
		66661FF624F272F1008ED9EC /* Data */ = {
			isa = PBXGroup;
			children = (
				66661FF724F27304008ED9EC /* CovidData.swift */,
				6666201224F2DEC2008ED9EC /* Regioni.swift */,
				6666201424F2E380008ED9EC /* Provincia.swift */,
				6666201624F2FE65008ED9EC /* CovidProvinciaData.swift */,
				66661FED24F23479008ED9EC /* Model.swift */,
			);
			path = Data;
			sourceTree = "<group>";
		};
		66661FFB24F27DDE008ED9EC /* CollectionViewHeader */ = {
			isa = PBXGroup;
			children = (
				66661FFC24F27DF5008ED9EC /* CollectionViewReusableView.swift */,
				6666200924F2C16D008ED9EC /* CollectionViewFooterReusableView.swift */,
				6666201A24F3CB3B008ED9EC /* CollectionViewInfoReusableView.swift */,
			);
			path = CollectionViewHeader;
			sourceTree = "<group>";
		};
		6666200624F2BA26008ED9EC /* Alerts */ = {
			isa = PBXGroup;
			children = (
				6666200D24F2D811008ED9EC /* IconAlerController.swift */,
				6666202F24F45343008ED9EC /* StatusAlertController.swift */,
				6653D9D424F511DD00EA0F48 /* ActivityView.swift */,
			);
			path = Alerts;
			sourceTree = "<group>";
		};
		6666200F24F2D827008ED9EC /* Extension */ = {
			isa = PBXGroup;
			children = (
				6666201024F2D836008ED9EC /* UIColorExtension.swift */,
				6666202524F41F16008ED9EC /* DateExtension.swift */,
			);
			path = Extension;
			sourceTree = "<group>";
		};
		6666201C24F3CD27008ED9EC /* Network */ = {
			isa = PBXGroup;
			children = (
				66661FE724F23196008ED9EC /* APIUrls.swift */,
				6666200424F2AD30008ED9EC /* DataDownloader.swift */,
			);
			path = Network;
			sourceTree = "<group>";
		};
		6666201D24F3CD3F008ED9EC /* Utility */ = {
			isa = PBXGroup;
			children = (
				6666200724F2BDFB008ED9EC /* LineChart.swift */,
				6666202224F3CE01008ED9EC /* DateSelectorController.swift */,
			);
			path = Utility;
			sourceTree = "<group>";
		};
		6666202724F432CC008ED9EC /* TableViewReusableView */ = {
			isa = PBXGroup;
			children = (
				6666202924F43301008ED9EC /* SettingsTableViewHeader.swift */,
			);
			path = TableViewReusableView;
			sourceTree = "<group>";
		};
		6666202824F432D9008ED9EC /* TableViewCells */ = {
			isa = PBXGroup;
			children = (
				6666202B24F44BD1008ED9EC /* SwitchTableViewCell.swift */,
				6666202D24F44F68008ED9EC /* LabelTableViewCell.swift */,
			);
			path = TableViewCells;
			sourceTree = "<group>";
		};
/* End PBXGroup section */

/* Begin PBXNativeTarget section */
		66661FC124F23030008ED9EC /* CovidStatsITA */ = {
			isa = PBXNativeTarget;
			buildConfigurationList = 66661FE124F23038008ED9EC /* Build configuration list for PBXNativeTarget "CovidStatsITA" */;
			buildPhases = (
				66661FBE24F23030008ED9EC /* Sources */,
				66661FBF24F23030008ED9EC /* Frameworks */,
				66661FC024F23030008ED9EC /* Resources */,
			);
			buildRules = (
			);
			dependencies = (
			);
			name = CovidStatsITA;
			productName = CovidStatsITA;
			productReference = 66661FC224F23030008ED9EC /* CovidStatsITA.app */;
			productType = "com.apple.product-type.application";
		};
		66661FD724F23038008ED9EC /* CovidStatsITAUITests */ = {
			isa = PBXNativeTarget;
			buildConfigurationList = 66661FE424F23038008ED9EC /* Build configuration list for PBXNativeTarget "CovidStatsITAUITests" */;
			buildPhases = (
				66661FD424F23038008ED9EC /* Sources */,
				66661FD524F23038008ED9EC /* Frameworks */,
				66661FD624F23038008ED9EC /* Resources */,
			);
			buildRules = (
			);
			dependencies = (
				66661FDA24F23038008ED9EC /* PBXTargetDependency */,
			);
			name = CovidStatsITAUITests;
			productName = CovidStatsITAUITests;
			productReference = 66661FD824F23038008ED9EC /* CovidStatsITAUITests.xctest */;
			productType = "com.apple.product-type.bundle.ui-testing";
		};
/* End PBXNativeTarget section */

/* Begin PBXProject section */
		66661FBA24F23030008ED9EC /* Project object */ = {
			isa = PBXProject;
			attributes = {
				LastSwiftUpdateCheck = 1160;
				LastUpgradeCheck = 1210;
				ORGANIZATIONNAME = "Matteo Visotto";
				TargetAttributes = {
					66661FC124F23030008ED9EC = {
						CreatedOnToolsVersion = 11.6;
					};
					66661FD724F23038008ED9EC = {
						CreatedOnToolsVersion = 11.6;
						TestTargetID = 66661FC124F23030008ED9EC;
					};
				};
			};
			buildConfigurationList = 66661FBD24F23030008ED9EC /* Build configuration list for PBXProject "CovidStatsITA" */;
			compatibilityVersion = "Xcode 9.3";
			developmentRegion = en;
			hasScannedForEncodings = 0;
			knownRegions = (
				en,
				Base,
				it,
			);
			mainGroup = 66661FB924F23030008ED9EC;
			productRefGroup = 66661FC324F23030008ED9EC /* Products */;
			projectDirPath = "";
			projectRoot = "";
			targets = (
				66661FC124F23030008ED9EC /* CovidStatsITA */,
				66661FD724F23038008ED9EC /* CovidStatsITAUITests */,
			);
		};
/* End PBXProject section */

/* Begin PBXResourcesBuildPhase section */
		66661FC024F23030008ED9EC /* Resources */ = {
			isa = PBXResourcesBuildPhase;
			buildActionMask = 2147483647;
			files = (
				66661FD224F23038008ED9EC /* LaunchScreen.storyboard in Resources */,
				66661FCF24F23038008ED9EC /* Assets.xcassets in Resources */,
			);
			runOnlyForDeploymentPostprocessing = 0;
		};
		66661FD624F23038008ED9EC /* Resources */ = {
			isa = PBXResourcesBuildPhase;
			buildActionMask = 2147483647;
			files = (
			);
			runOnlyForDeploymentPostprocessing = 0;
		};
/* End PBXResourcesBuildPhase section */

/* Begin PBXSourcesBuildPhase section */
		66661FBE24F23030008ED9EC /* Sources */ = {
			isa = PBXSourcesBuildPhase;
			buildActionMask = 2147483647;
			files = (
				66661FEE24F23479008ED9EC /* Model.swift in Sources */,
				660BC60625418CF000A08CD5 /* PercentChartCollectionViewCell.swift in Sources */,
				6666200524F2AD30008ED9EC /* DataDownloader.swift in Sources */,
				6653D9D524F511DD00EA0F48 /* ActivityView.swift in Sources */,
				6666202C24F44BD1008ED9EC /* SwitchTableViewCell.swift in Sources */,
				6666200824F2BDFB008ED9EC /* LineChart.swift in Sources */,
				66661FE824F23196008ED9EC /* APIUrls.swift in Sources */,
				6666202624F41F16008ED9EC /* DateExtension.swift in Sources */,
				6666200324F2ABC2008ED9EC /* PositiviCollectionViewCell.swift in Sources */,
				66661FCA24F23030008ED9EC /* ItaliaViewController.swift in Sources */,
				66661FC624F23030008ED9EC /* AppDelegate.swift in Sources */,
				6666200E24F2D811008ED9EC /* IconAlerController.swift in Sources */,
				6666202E24F44F68008ED9EC /* LabelTableViewCell.swift in Sources */,
				66661FFF24F2A6A4008ED9EC /* PulsanteCollectionViewCell.swift in Sources */,
				66661FF524F27186008ED9EC /* DataCollectionViewCell.swift in Sources */,
				6666200124F2A6BC008ED9EC /* ChartCollectionViewCell.swift in Sources */,
				6666201B24F3CB3B008ED9EC /* CollectionViewInfoReusableView.swift in Sources */,
				6666201F24F3CD80008ED9EC /* StoricoRegioneViewController.swift in Sources */,
				66661FC824F23030008ED9EC /* SceneDelegate.swift in Sources */,
				66661FF224F23FA9008ED9EC /* LoadingViewController.swift in Sources */,
				6666200C24F2D21F008ED9EC /* NoteCollectionViewCell.swift in Sources */,
				6666201924F387D0008ED9EC /* RegioneCollectionViewCell.swift in Sources */,
				6653D9D124F4D88F00EA0F48 /* StoricoProvinceViewController.swift in Sources */,
				66661FEC24F23433008ED9EC /* ImpostazioniViewController.swift in Sources */,
				6666201524F2E380008ED9EC /* Provincia.swift in Sources */,
				6653D9CF24F45A9800EA0F48 /* InfoViewController.swift in Sources */,
				6666200A24F2C16D008ED9EC /* CollectionViewFooterReusableView.swift in Sources */,
				6666202A24F43301008ED9EC /* SettingsTableViewHeader.swift in Sources */,
				6666201724F2FE65008ED9EC /* CovidProvinciaData.swift in Sources */,
				66661FF824F27304008ED9EC /* CovidData.swift in Sources */,
				6666202124F3CD90008ED9EC /* StoricoItaliaViewController.swift in Sources */,
				66661FEA24F23427008ED9EC /* RegioniViewController.swift in Sources */,
				6653D9D324F4DEBA00EA0F48 /* ProvinciaCollectionViewCell.swift in Sources */,
				66661FF024F237CC008ED9EC /* MainViewController.swift in Sources */,
				6666201324F2DEC2008ED9EC /* Regioni.swift in Sources */,
				6666203024F45343008ED9EC /* StatusAlertController.swift in Sources */,
				6666201124F2D836008ED9EC /* UIColorExtension.swift in Sources */,
				66661FFA24F27A56008ED9EC /* AlertCollectionViewCell.swift in Sources */,
				6666202324F3CE01008ED9EC /* DateSelectorController.swift in Sources */,
				66661FFD24F27DF5008ED9EC /* CollectionViewReusableView.swift in Sources */,
				660BC60A254191D200A08CD5 /* PercentCollectionViewCell.swift in Sources */,
			);
			runOnlyForDeploymentPostprocessing = 0;
		};
		66661FD424F23038008ED9EC /* Sources */ = {
			isa = PBXSourcesBuildPhase;
			buildActionMask = 2147483647;
			files = (
				66661FDD24F23038008ED9EC /* CovidStatsITAUITests.swift in Sources */,
			);
			runOnlyForDeploymentPostprocessing = 0;
		};
/* End PBXSourcesBuildPhase section */

/* Begin PBXTargetDependency section */
		66661FDA24F23038008ED9EC /* PBXTargetDependency */ = {
			isa = PBXTargetDependency;
			target = 66661FC124F23030008ED9EC /* CovidStatsITA */;
			targetProxy = 66661FD924F23038008ED9EC /* PBXContainerItemProxy */;
		};
/* End PBXTargetDependency section */

/* Begin PBXVariantGroup section */
		66661FD024F23038008ED9EC /* LaunchScreen.storyboard */ = {
			isa = PBXVariantGroup;
			children = (
				66661FD124F23038008ED9EC /* Base */,
				6666202424F4147F008ED9EC /* it */,
			);
			name = LaunchScreen.storyboard;
			sourceTree = "<group>";
		};
/* End PBXVariantGroup section */

/* Begin XCBuildConfiguration section */
		66661FDF24F23038008ED9EC /* Debug */ = {
			isa = XCBuildConfiguration;
			buildSettings = {
				ALWAYS_SEARCH_USER_PATHS = NO;
				CLANG_ANALYZER_LOCALIZABILITY_NONLOCALIZED = YES;
				CLANG_ANALYZER_NONNULL = YES;
				CLANG_ANALYZER_NUMBER_OBJECT_CONVERSION = YES_AGGRESSIVE;
				CLANG_CXX_LANGUAGE_STANDARD = "gnu++14";
				CLANG_CXX_LIBRARY = "libc++";
				CLANG_ENABLE_MODULES = YES;
				CLANG_ENABLE_OBJC_ARC = YES;
				CLANG_ENABLE_OBJC_WEAK = YES;
				CLANG_WARN_BLOCK_CAPTURE_AUTORELEASING = YES;
				CLANG_WARN_BOOL_CONVERSION = YES;
				CLANG_WARN_COMMA = YES;
				CLANG_WARN_CONSTANT_CONVERSION = YES;
				CLANG_WARN_DEPRECATED_OBJC_IMPLEMENTATIONS = YES;
				CLANG_WARN_DIRECT_OBJC_ISA_USAGE = YES_ERROR;
				CLANG_WARN_DOCUMENTATION_COMMENTS = YES;
				CLANG_WARN_EMPTY_BODY = YES;
				CLANG_WARN_ENUM_CONVERSION = YES;
				CLANG_WARN_INFINITE_RECURSION = YES;
				CLANG_WARN_INT_CONVERSION = YES;
				CLANG_WARN_NON_LITERAL_NULL_CONVERSION = YES;
				CLANG_WARN_OBJC_IMPLICIT_RETAIN_SELF = YES;
				CLANG_WARN_OBJC_LITERAL_CONVERSION = YES;
				CLANG_WARN_OBJC_ROOT_CLASS = YES_ERROR;
				CLANG_WARN_QUOTED_INCLUDE_IN_FRAMEWORK_HEADER = YES;
				CLANG_WARN_RANGE_LOOP_ANALYSIS = YES;
				CLANG_WARN_STRICT_PROTOTYPES = YES;
				CLANG_WARN_SUSPICIOUS_MOVE = YES;
				CLANG_WARN_UNGUARDED_AVAILABILITY = YES_AGGRESSIVE;
				CLANG_WARN_UNREACHABLE_CODE = YES;
				CLANG_WARN__DUPLICATE_METHOD_MATCH = YES;
				COPY_PHASE_STRIP = NO;
				DEBUG_INFORMATION_FORMAT = dwarf;
				ENABLE_STRICT_OBJC_MSGSEND = YES;
				ENABLE_TESTABILITY = YES;
				GCC_C_LANGUAGE_STANDARD = gnu11;
				GCC_DYNAMIC_NO_PIC = NO;
				GCC_NO_COMMON_BLOCKS = YES;
				GCC_OPTIMIZATION_LEVEL = 0;
				GCC_PREPROCESSOR_DEFINITIONS = (
					"DEBUG=1",
					"$(inherited)",
				);
				GCC_WARN_64_TO_32_BIT_CONVERSION = YES;
				GCC_WARN_ABOUT_RETURN_TYPE = YES_ERROR;
				GCC_WARN_UNDECLARED_SELECTOR = YES;
				GCC_WARN_UNINITIALIZED_AUTOS = YES_AGGRESSIVE;
				GCC_WARN_UNUSED_FUNCTION = YES;
				GCC_WARN_UNUSED_VARIABLE = YES;
				IPHONEOS_DEPLOYMENT_TARGET = 13.6;
				MTL_ENABLE_DEBUG_INFO = INCLUDE_SOURCE;
				MTL_FAST_MATH = YES;
				ONLY_ACTIVE_ARCH = YES;
				SDKROOT = iphoneos;
				SWIFT_ACTIVE_COMPILATION_CONDITIONS = DEBUG;
				SWIFT_OPTIMIZATION_LEVEL = "-Onone";
			};
			name = Debug;
		};
		66661FE024F23038008ED9EC /* Release */ = {
			isa = XCBuildConfiguration;
			buildSettings = {
				ALWAYS_SEARCH_USER_PATHS = NO;
				CLANG_ANALYZER_LOCALIZABILITY_NONLOCALIZED = YES;
				CLANG_ANALYZER_NONNULL = YES;
				CLANG_ANALYZER_NUMBER_OBJECT_CONVERSION = YES_AGGRESSIVE;
				CLANG_CXX_LANGUAGE_STANDARD = "gnu++14";
				CLANG_CXX_LIBRARY = "libc++";
				CLANG_ENABLE_MODULES = YES;
				CLANG_ENABLE_OBJC_ARC = YES;
				CLANG_ENABLE_OBJC_WEAK = YES;
				CLANG_WARN_BLOCK_CAPTURE_AUTORELEASING = YES;
				CLANG_WARN_BOOL_CONVERSION = YES;
				CLANG_WARN_COMMA = YES;
				CLANG_WARN_CONSTANT_CONVERSION = YES;
				CLANG_WARN_DEPRECATED_OBJC_IMPLEMENTATIONS = YES;
				CLANG_WARN_DIRECT_OBJC_ISA_USAGE = YES_ERROR;
				CLANG_WARN_DOCUMENTATION_COMMENTS = YES;
				CLANG_WARN_EMPTY_BODY = YES;
				CLANG_WARN_ENUM_CONVERSION = YES;
				CLANG_WARN_INFINITE_RECURSION = YES;
				CLANG_WARN_INT_CONVERSION = YES;
				CLANG_WARN_NON_LITERAL_NULL_CONVERSION = YES;
				CLANG_WARN_OBJC_IMPLICIT_RETAIN_SELF = YES;
				CLANG_WARN_OBJC_LITERAL_CONVERSION = YES;
				CLANG_WARN_OBJC_ROOT_CLASS = YES_ERROR;
				CLANG_WARN_QUOTED_INCLUDE_IN_FRAMEWORK_HEADER = YES;
				CLANG_WARN_RANGE_LOOP_ANALYSIS = YES;
				CLANG_WARN_STRICT_PROTOTYPES = YES;
				CLANG_WARN_SUSPICIOUS_MOVE = YES;
				CLANG_WARN_UNGUARDED_AVAILABILITY = YES_AGGRESSIVE;
				CLANG_WARN_UNREACHABLE_CODE = YES;
				CLANG_WARN__DUPLICATE_METHOD_MATCH = YES;
				COPY_PHASE_STRIP = NO;
				DEBUG_INFORMATION_FORMAT = "dwarf-with-dsym";
				ENABLE_NS_ASSERTIONS = NO;
				ENABLE_STRICT_OBJC_MSGSEND = YES;
				GCC_C_LANGUAGE_STANDARD = gnu11;
				GCC_NO_COMMON_BLOCKS = YES;
				GCC_WARN_64_TO_32_BIT_CONVERSION = YES;
				GCC_WARN_ABOUT_RETURN_TYPE = YES_ERROR;
				GCC_WARN_UNDECLARED_SELECTOR = YES;
				GCC_WARN_UNINITIALIZED_AUTOS = YES_AGGRESSIVE;
				GCC_WARN_UNUSED_FUNCTION = YES;
				GCC_WARN_UNUSED_VARIABLE = YES;
				IPHONEOS_DEPLOYMENT_TARGET = 13.6;
				MTL_ENABLE_DEBUG_INFO = NO;
				MTL_FAST_MATH = YES;
				SDKROOT = iphoneos;
				SWIFT_COMPILATION_MODE = wholemodule;
				SWIFT_OPTIMIZATION_LEVEL = "-O";
				VALIDATE_PRODUCT = YES;
			};
			name = Release;
		};
		66661FE224F23038008ED9EC /* Debug */ = {
			isa = XCBuildConfiguration;
			buildSettings = {
				ASSETCATALOG_COMPILER_APPICON_NAME = AppIcon;
				CODE_SIGN_IDENTITY = "Apple Development";
				CODE_SIGN_STYLE = Automatic;
				CURRENT_PROJECT_VERSION = 7;
				DEVELOPMENT_TEAM = 2FE7MP24X8;
				INFOPLIST_FILE = CovidStatsITA/Info.plist;
				IPHONEOS_DEPLOYMENT_TARGET = 12.0;
				LD_RUNPATH_SEARCH_PATHS = (
					"$(inherited)",
					"@executable_path/Frameworks",
				);
				MARKETING_VERSION = 1.0.1;
				PRODUCT_BUNDLE_IDENTIFIER = it.matteovisotto.CovidStatsITA;
				PRODUCT_NAME = "$(TARGET_NAME)";
				PROVISIONING_PROFILE_SPECIFIER = "";
				SWIFT_VERSION = 5.0;
				TARGETED_DEVICE_FAMILY = "1,2";
			};
			name = Debug;
		};
		66661FE324F23038008ED9EC /* Release */ = {
			isa = XCBuildConfiguration;
			buildSettings = {
				ASSETCATALOG_COMPILER_APPICON_NAME = AppIcon;
				CODE_SIGN_IDENTITY = "Apple Development";
				CODE_SIGN_STYLE = Automatic;
				CURRENT_PROJECT_VERSION = 7;
				DEVELOPMENT_TEAM = 2FE7MP24X8;
				INFOPLIST_FILE = CovidStatsITA/Info.plist;
				IPHONEOS_DEPLOYMENT_TARGET = 12.0;
				LD_RUNPATH_SEARCH_PATHS = (
					"$(inherited)",
					"@executable_path/Frameworks",
				);
				MARKETING_VERSION = 1.0.1;
				PRODUCT_BUNDLE_IDENTIFIER = it.matteovisotto.CovidStatsITA;
				PRODUCT_NAME = "$(TARGET_NAME)";
				PROVISIONING_PROFILE_SPECIFIER = "";
				SWIFT_VERSION = 5.0;
				TARGETED_DEVICE_FAMILY = "1,2";
			};
			name = Release;
		};
		66661FE524F23038008ED9EC /* Debug */ = {
			isa = XCBuildConfiguration;
			buildSettings = {
				ALWAYS_EMBED_SWIFT_STANDARD_LIBRARIES = YES;
				CODE_SIGN_STYLE = Automatic;
				DEVELOPMENT_TEAM = 2FE7MP24X8;
				INFOPLIST_FILE = CovidStatsITAUITests/Info.plist;
				LD_RUNPATH_SEARCH_PATHS = (
					"$(inherited)",
					"@executable_path/Frameworks",
					"@loader_path/Frameworks",
				);
				PRODUCT_BUNDLE_IDENTIFIER = it.matteovisotto.CovidStatsITAUITests;
				PRODUCT_NAME = "$(TARGET_NAME)";
				SWIFT_VERSION = 5.0;
				TARGETED_DEVICE_FAMILY = "1,2";
				TEST_TARGET_NAME = CovidStatsITA;
			};
			name = Debug;
		};
		66661FE624F23038008ED9EC /* Release */ = {
			isa = XCBuildConfiguration;
			buildSettings = {
				ALWAYS_EMBED_SWIFT_STANDARD_LIBRARIES = YES;
				CODE_SIGN_STYLE = Automatic;
				DEVELOPMENT_TEAM = 2FE7MP24X8;
				INFOPLIST_FILE = CovidStatsITAUITests/Info.plist;
				LD_RUNPATH_SEARCH_PATHS = (
					"$(inherited)",
					"@executable_path/Frameworks",
					"@loader_path/Frameworks",
				);
				PRODUCT_BUNDLE_IDENTIFIER = it.matteovisotto.CovidStatsITAUITests;
				PRODUCT_NAME = "$(TARGET_NAME)";
				SWIFT_VERSION = 5.0;
				TARGETED_DEVICE_FAMILY = "1,2";
				TEST_TARGET_NAME = CovidStatsITA;
			};
			name = Release;
		};
/* End XCBuildConfiguration section */

/* Begin XCConfigurationList section */
		66661FBD24F23030008ED9EC /* Build configuration list for PBXProject "CovidStatsITA" */ = {
			isa = XCConfigurationList;
			buildConfigurations = (
				66661FDF24F23038008ED9EC /* Debug */,
				66661FE024F23038008ED9EC /* Release */,
			);
			defaultConfigurationIsVisible = 0;
			defaultConfigurationName = Release;
		};
		66661FE124F23038008ED9EC /* Build configuration list for PBXNativeTarget "CovidStatsITA" */ = {
			isa = XCConfigurationList;
			buildConfigurations = (
				66661FE224F23038008ED9EC /* Debug */,
				66661FE324F23038008ED9EC /* Release */,
			);
			defaultConfigurationIsVisible = 0;
			defaultConfigurationName = Release;
		};
		66661FE424F23038008ED9EC /* Build configuration list for PBXNativeTarget "CovidStatsITAUITests" */ = {
			isa = XCConfigurationList;
			buildConfigurations = (
				66661FE524F23038008ED9EC /* Debug */,
				66661FE624F23038008ED9EC /* Release */,
			);
			defaultConfigurationIsVisible = 0;
			defaultConfigurationName = Release;
		};
/* End XCConfigurationList section */
	};
	rootObject = 66661FBA24F23030008ED9EC /* Project object */;
}
